PODS:
  - GoogleNearbyPlaces (2.0.0)

DEPENDENCIES:
  - GoogleNearbyPlaces (from `../`)

EXTERNAL SOURCES:
  GoogleNearbyPlaces:
    :path: "../"

SPEC CHECKSUMS:
  GoogleNearbyPlaces: 97618cc53a8ea2bbb177fb172b3f9d3c5bc3b8f1

PODFILE CHECKSUM: 7635df823e53d0cc336253358e26b57a02dea9a9

COCOAPODS: 1.5.3
