PODS:
  - GoogleNearbyPlaces (1.0.3)

DEPENDENCIES:
  - GoogleNearbyPlaces (from `../`)

EXTERNAL SOURCES:
  GoogleNearbyPlaces:
    :path: "../"

SPEC CHECKSUMS:
  GoogleNearbyPlaces: d8c31fe62efc6e904bab6f6241d67de026793bbd

PODFILE CHECKSUM: 7635df823e53d0cc336253358e26b57a02dea9a9

COCOAPODS: 1.5.3
