PODS:
  - GoogleNearbyPlaces (2.0.0)

DEPENDENCIES:
  - GoogleNearbyPlaces (from `../`)

EXTERNAL SOURCES:
  GoogleNearbyPlaces:
    :path: "../"

SPEC CHECKSUMS:
  GoogleNearbyPlaces: 97618cc53a8ea2bbb177fb172b3f9d3c5bc3b8f1

PODFILE CHECKSUM: bc836e8a30f3675ac5196349aea30f04e27c3e2c

COCOAPODS: 1.5.3
